
Microsoft Visual Studio Solution File, Format Version 12.00
# Visual Studio 2012
Project("{FAE04EC0-301F-11D3-BF4B-00C04F79EFBC}") = "beercalc", "beercalc\beercalc.csproj", "{DA8D6F91-B54B-46B3-A93F-9E2580006C8E}"
EndProject
Project("{FAE04EC0-301F-11D3-BF4B-00C04F79EFBC}") = "beercalc.iOS", "iOS\beercalc.iOS.csproj", "{CB5ECA1A-3B33-4C81-BB2B-4862B8DAF931}"
EndProject
Project("{FAE04EC0-301F-11D3-BF4B-00C04F79EFBC}") = "beercalc.Droid", "Droid\beercalc.Droid.csproj", "{920044A3-AEE2-4148-BE63-37B2E06461D1}"
EndProject
Global
	GlobalSection(SolutionConfigurationPlatforms) = preSolution
		Debug|Any CPU = Debug|Any CPU
		Release|Any CPU = Release|Any CPU
		Debug|iPhoneSimulator = Debug|iPhoneSimulator
		Release|iPhone = Release|iPhone
		Release|iPhoneSimulator = Release|iPhoneSimulator
		Debug|iPhone = Debug|iPhone
	EndGlobalSection
	GlobalSection(ProjectConfigurationPlatforms) = postSolution
		{DA8D6F91-B54B-46B3-A93F-9E2580006C8E}.Debug|Any CPU.ActiveCfg = Debug|Any CPU
		{DA8D6F91-B54B-46B3-A93F-9E2580006C8E}.Debug|Any CPU.Build.0 = Debug|Any CPU
		{DA8D6F91-B54B-46B3-A93F-9E2580006C8E}.Release|Any CPU.ActiveCfg = Release|Any CPU
		{DA8D6F91-B54B-46B3-A93F-9E2580006C8E}.Release|Any CPU.Build.0 = Release|Any CPU
		{DA8D6F91-B54B-46B3-A93F-9E2580006C8E}.Debug|iPhoneSimulator.ActiveCfg = Debug|Any CPU
		{DA8D6F91-B54B-46B3-A93F-9E2580006C8E}.Debug|iPhoneSimulator.Build.0 = Debug|Any CPU
		{DA8D6F91-B54B-46B3-A93F-9E2580006C8E}.Release|iPhone.ActiveCfg = Release|Any CPU
		{DA8D6F91-B54B-46B3-A93F-9E2580006C8E}.Release|iPhone.Build.0 = Release|Any CPU
		{DA8D6F91-B54B-46B3-A93F-9E2580006C8E}.Release|iPhoneSimulator.ActiveCfg = Release|Any CPU
		{DA8D6F91-B54B-46B3-A93F-9E2580006C8E}.Release|iPhoneSimulator.Build.0 = Release|Any CPU
		{DA8D6F91-B54B-46B3-A93F-9E2580006C8E}.Debug|iPhone.ActiveCfg = Debug|Any CPU
		{DA8D6F91-B54B-46B3-A93F-9E2580006C8E}.Debug|iPhone.Build.0 = Debug|Any CPU
		{CB5ECA1A-3B33-4C81-BB2B-4862B8DAF931}.Debug|Any CPU.ActiveCfg = Debug|iPhoneSimulator
		{CB5ECA1A-3B33-4C81-BB2B-4862B8DAF931}.Debug|Any CPU.Build.0 = Debug|iPhoneSimulator
		{CB5ECA1A-3B33-4C81-BB2B-4862B8DAF931}.Release|Any CPU.ActiveCfg = Release|iPhone
		{CB5ECA1A-3B33-4C81-BB2B-4862B8DAF931}.Release|Any CPU.Build.0 = Release|iPhone
		{CB5ECA1A-3B33-4C81-BB2B-4862B8DAF931}.Debug|iPhoneSimulator.ActiveCfg = Debug|iPhoneSimulator
		{CB5ECA1A-3B33-4C81-BB2B-4862B8DAF931}.Debug|iPhoneSimulator.Build.0 = Debug|iPhoneSimulator
		{CB5ECA1A-3B33-4C81-BB2B-4862B8DAF931}.Release|iPhone.ActiveCfg = Release|iPhone
		{CB5ECA1A-3B33-4C81-BB2B-4862B8DAF931}.Release|iPhone.Build.0 = Release|iPhone
		{CB5ECA1A-3B33-4C81-BB2B-4862B8DAF931}.Release|iPhoneSimulator.ActiveCfg = Release|iPhoneSimulator
		{CB5ECA1A-3B33-4C81-BB2B-4862B8DAF931}.Release|iPhoneSimulator.Build.0 = Release|iPhoneSimulator
		{CB5ECA1A-3B33-4C81-BB2B-4862B8DAF931}.Debug|iPhone.ActiveCfg = Debug|iPhone
		{CB5ECA1A-3B33-4C81-BB2B-4862B8DAF931}.Debug|iPhone.Build.0 = Debug|iPhone
		{920044A3-AEE2-4148-BE63-37B2E06461D1}.Debug|Any CPU.ActiveCfg = Debug|Any CPU
		{920044A3-AEE2-4148-BE63-37B2E06461D1}.Debug|Any CPU.Build.0 = Debug|Any CPU
		{920044A3-AEE2-4148-BE63-37B2E06461D1}.Release|Any CPU.ActiveCfg = Release|Any CPU
		{920044A3-AEE2-4148-BE63-37B2E06461D1}.Release|Any CPU.Build.0 = Release|Any CPU
		{920044A3-AEE2-4148-BE63-37B2E06461D1}.Debug|iPhoneSimulator.ActiveCfg = Debug|Any CPU
		{920044A3-AEE2-4148-BE63-37B2E06461D1}.Debug|iPhoneSimulator.Build.0 = Debug|Any CPU
		{920044A3-AEE2-4148-BE63-37B2E06461D1}.Release|iPhone.ActiveCfg = Release|Any CPU
		{920044A3-AEE2-4148-BE63-37B2E06461D1}.Release|iPhone.Build.0 = Release|Any CPU
		{920044A3-AEE2-4148-BE63-37B2E06461D1}.Release|iPhoneSimulator.ActiveCfg = Release|Any CPU
		{920044A3-AEE2-4148-BE63-37B2E06461D1}.Release|iPhoneSimulator.Build.0 = Release|Any CPU
		{920044A3-AEE2-4148-BE63-37B2E06461D1}.Debug|iPhone.ActiveCfg = Debug|Any CPU
		{920044A3-AEE2-4148-BE63-37B2E06461D1}.Debug|iPhone.Build.0 = Debug|Any CPU
	EndGlobalSection
EndGlobal
